
Microsoft Visual Studio Solution File, Format Version 12.00
# Visual Studio Version 17
VisualStudioVersion = 17.9.34701.34
MinimumVisualStudioVersion = 10.0.40219.1
Project("{FAE04EC0-301F-11D3-BF4B-00C04F79EFBC}") = "WindowsFormsApp3", "WindowsFormsApp3.csproj", "{8A204F12-2D2A-4671-A1BD-23C1B1BEFB26}"
EndProject
Global
	GlobalSection(SolutionConfigurationPlatforms) = preSolution
		Debug|Any CPU = Debug|Any CPU
		Release|Any CPU = Release|Any CPU
	EndGlobalSection
	GlobalSection(ProjectConfigurationPlatforms) = postSolution
		{8A204F12-2D2A-4671-A1BD-23C1B1BEFB26}.Debug|Any CPU.ActiveCfg = Debug|Any CPU
		{8A204F12-2D2A-4671-A1BD-23C1B1BEFB26}.Debug|Any CPU.Build.0 = Debug|Any CPU
		{8A204F12-2D2A-4671-A1BD-23C1B1BEFB26}.Release|Any CPU.ActiveCfg = Release|Any CPU
		{8A204F12-2D2A-4671-A1BD-23C1B1BEFB26}.Release|Any CPU.Build.0 = Release|Any CPU
	EndGlobalSection
	GlobalSection(SolutionProperties) = preSolution
		HideSolutionNode = FALSE
	EndGlobalSection
	GlobalSection(ExtensibilityGlobals) = postSolution
		SolutionGuid = {BDB7C4A5-8628-43BE-938A-A7B11044300A}
	EndGlobalSection
EndGlobal
